{
  "version": "2",
  "remote": {
    "https://deno.land/std@0.103.0/_util/assert.ts": "2f868145a042a11d5ad0a3c748dcf580add8a0dbc0e876eaa0026303a5488f58",
    "https://deno.land/std@0.103.0/bytes/bytes_list.ts": "a13287edb03f19d27ba4927dec6d6de3e5bd46254cd4aee6f7e5815810122673",
    "https://deno.land/std@0.103.0/bytes/mod.ts": "1ae1ccfe98c4b979f12b015982c7444f81fcb921bea7aa215bf37d84f46e1e13",
    "https://deno.land/std@0.103.0/fmt/colors.ts": "d2f8355f00a74404668fc5a1e4a92983ce1a9b0a6ac1d40efbd681cb8f519586",
    "https://deno.land/std@0.103.0/fs/exists.ts": "b0d2e31654819cc2a8d37df45d6b14686c0cc1d802e9ff09e902a63e98b85a00",
    "https://deno.land/std@0.103.0/io/buffer.ts": "3ead6bb11276ebcf093c403f74f67fd2205a515dbbb9061862c468ca56f37cd8",
    "https://deno.land/std@0.103.0/io/bufio.ts": "6024117aa37f8d21a116654bd5ca5191d803f6492bbc744e3cee5054d0e900d1",
    "https://deno.land/std@0.103.0/io/util.ts": "85c33d61b20fd706acc094fe80d4c8ae618b04abcf3a96ca2b47071842c1c8ac",
    "https://deno.land/std@0.103.0/log/handlers.ts": "8c7221a2408b4097e186b018f3f1a18865d20b98761aa1dccaf1ee3d57298355",
    "https://deno.land/std@0.103.0/log/levels.ts": "088a883039ece5fa0da5f74bc7688654045ea7cb01bf200b438191a28d728eae",
    "https://deno.land/std@0.103.0/log/logger.ts": "6b2dd8cbe6f407100b9becfe61595d7681f8ce3692412fad843de84d617a038e",
    "https://deno.land/std@0.103.0/log/mod.ts": "91711789b28803082b1bdfb123d2c9685a7e01767f2e79c0a82706063ad964d8",
    "https://deno.land/std@0.103.0/testing/_diff.ts": "5d3693155f561d1a5443ac751ac70aab9f5d67b4819a621d4b96b8a1a1c89620",
    "https://deno.land/std@0.103.0/testing/asserts.ts": "b668f7e9f7cc44cf674c7ef00d52bb5fc9b28cdf5e32bc9dad2bf355d3c1b810",
    "https://deno.land/std@0.104.0/_wasm_crypto/crypto.js": "c887c5887192092b2180d8f91bc507c67fc837cb5572cf2de3d6de0dd6f43439",
    "https://deno.land/std@0.104.0/_wasm_crypto/crypto.wasm.js": "98270cd5221cb35c6ca904a5cf47be6a1348aba124271dd427ea2407cfad0f58",
    "https://deno.land/std@0.104.0/_wasm_crypto/mod.ts": "c66cd1689a2d995b065dc3c1e6099824b5e3556f6b83ec5ca681519eea6e8b7f",
    "https://deno.land/std@0.104.0/crypto/mod.ts": "a562bf0fa4b5e3ab9108b5a3f252464daeb78a0a7734fb418a8bd091b201f695",
    "https://deno.land/std@0.104.0/encoding/base64.ts": "eecae390f1f1d1cae6f6c6d732ede5276bf4b9cd29b1d281678c054dc5cc009e",
    "https://deno.land/std@0.174.0/fmt/colors.ts": "938c5d44d889fb82eff6c358bea8baa7e85950a16c9f6dae3ec3a7a729164471",
    "https://deno.land/std@0.174.0/testing/_diff.ts": "1a3c044aedf77647d6cac86b798c6417603361b66b54c53331b312caeb447aea",
    "https://deno.land/std@0.174.0/testing/_format.ts": "a69126e8a469009adf4cf2a50af889aca364c349797e63174884a52ff75cf4c7",
    "https://deno.land/std@0.174.0/testing/asserts.ts": "984ab0bfb3faeed92ffaa3a6b06536c66811185328c5dd146257c702c41b01ab",
    "https://deno.land/std@0.192.0/_util/asserts.ts": "178dfc49a464aee693a7e285567b3d0b555dc805ff490505a8aae34f9cfb1462",
    "https://deno.land/std@0.192.0/_util/os.ts": "d932f56d41e4f6a6093d56044e29ce637f8dcc43c5a90af43504a889cf1775e3",
    "https://deno.land/std@0.192.0/fmt/colors.ts": "d67e3cd9f472535241a8e410d33423980bec45047e343577554d3356e1f0ef4e",
    "https://deno.land/std@0.192.0/fmt/printf.ts": "e5b426cd6ad13df5d408e9c375c025d59de30e380c5534715bd892df874ab057",
    "https://deno.land/std@0.192.0/path/_constants.ts": "e49961f6f4f48039c0dfed3c3f93e963ca3d92791c9d478ac5b43183413136e0",
    "https://deno.land/std@0.192.0/path/_interface.ts": "6471159dfbbc357e03882c2266d21ef9afdb1e4aa771b0545e90db58a0ba314b",
    "https://deno.land/std@0.192.0/path/_util.ts": "d7abb1e0dea065f427b89156e28cdeb32b045870acdf865833ba808a73b576d0",
    "https://deno.land/std@0.192.0/path/common.ts": "ee7505ab01fd22de3963b64e46cff31f40de34f9f8de1fff6a1bd2fe79380000",
    "https://deno.land/std@0.192.0/path/glob.ts": "d479e0a695621c94d3fd7fe7abd4f9499caf32a8de13f25073451c6ef420a4e1",
    "https://deno.land/std@0.192.0/path/mod.ts": "f065032a7189404fdac3ad1a1551a9ac84751d2f25c431e101787846c86c79ef",
    "https://deno.land/std@0.192.0/path/posix.ts": "8b7c67ac338714b30c816079303d0285dd24af6b284f7ad63da5b27372a2c94d",
    "https://deno.land/std@0.192.0/path/separator.ts": "0fb679739d0d1d7bf45b68dacfb4ec7563597a902edbaf3c59b50d5bcadd93b1",
    "https://deno.land/std@0.192.0/path/win32.ts": "d186344e5583bcbf8b18af416d13d82b35a317116e6460a5a3953508c3de5bba",
    "https://deno.land/std@0.192.0/testing/_diff.ts": "1a3c044aedf77647d6cac86b798c6417603361b66b54c53331b312caeb447aea",
    "https://deno.land/std@0.192.0/testing/_format.ts": "a69126e8a469009adf4cf2a50af889aca364c349797e63174884a52ff75cf4c7",
    "https://deno.land/std@0.192.0/testing/asserts.ts": "e16d98b4d73ffc4ed498d717307a12500ae4f2cbe668f1a215632d19fcffc22f",
    "https://deno.land/x/cliui@v7.0.4-deno/build/lib/index.d.ts": "4f04923352ce24027ad6fe25c85249e0b0cc5c29fe18d62024d004c59d9e41ee",
    "https://deno.land/x/cliui@v7.0.4-deno/build/lib/index.js": "fb6030c7b12602a4fca4d81de3ddafa301ba84fd9df73c53de6f3bdda7b482d5",
    "https://deno.land/x/cliui@v7.0.4-deno/build/lib/string-utils.js": "b3eb9d2e054a43a3064af17332fb1839a7dadb205c5371af4789616afb1a117f",
    "https://deno.land/x/cliui@v7.0.4-deno/deno.ts": "d07bc3338661f8011e3a5fd215061d17a52107a5383c29f40ce0c1ecb8bb8cc3",
    "https://deno.land/x/escalade@v3.0.3/sync.ts": "493bc66563292c5c10c4a75a467a5933f24dad67d74b0f5a87e7b988fe97c104",
    "https://deno.land/x/uffda@0.1.2/deps/std.ts": "ce4d6b90e0f11171b9eef9ab2024fed6bdeef21db4e610170459531ded29e532",
    "https://deno.land/x/uffda@0.1.2/lib/match.ts": "8f121cdf88c327af0e707d74076e5569755f49b3dd497795ca5ec39f0b9823e4",
    "https://deno.land/x/uffda@0.1.2/lib/memo.ts": "c8f85bab3db620be353e5bbe0ed46a8dc54de67f7929989a55ba52b1f5bb0160",
    "https://deno.land/x/uffda@0.1.2/lib/mod.ts": "cbe7e28ddc671a06e40c913d2bca303d7fdab0b7af1ac6d7805ceeb058a38358",
    "https://deno.land/x/uffda@0.1.2/lib/parsers/basic.ts": "3edda756dcc13cbb678d7f23637eecf915b7364050a00468a39a56df42784d2c",
    "https://deno.land/x/uffda@0.1.2/lib/parsers/compiler/AnyPattern.ts": "5825a961608c66118152544601baa929f9a4ff5caba090ffcbd37d4dc8f3b0b8",
    "https://deno.land/x/uffda@0.1.2/lib/parsers/compiler/Compiler.ts": "e66ee3fa46ab140054fef09757a2057271affe5889f95c8c2fc9291233ccbd69",
    "https://deno.land/x/uffda@0.1.2/lib/parsers/compiler/EqualPattern.ts": "cf5009e5741fa1cc87af5f831c71f96996d68e01566eaa42e0dc641e11d2fb42",
    "https://deno.land/x/uffda@0.1.2/lib/parsers/compiler/MustPattern.ts": "7b4d24e59ab82495dc23bd1f069ebc2814bdc582fc84c16b4234d79d9c1a5f8e",
    "https://deno.land/x/uffda@0.1.2/lib/parsers/compiler/ObjectPattern.ts": "b014f9cec9811ab84706ceef5c67dacbb5ed5199c6eec61b211a054c3e5e4079",
    "https://deno.land/x/uffda@0.1.2/lib/parsers/compiler/OkPattern.ts": "7bbc186fd42a481f9d443ddf36b1e1d74ff362499e548a57fff778ce13444bf6",
    "https://deno.land/x/uffda@0.1.2/lib/parsers/compiler/OneOrMorePattern.ts": "5e49e27eb76baab012ab8820d45c7cae370b7d5b155ef8cadc45a28c98454e06",
    "https://deno.land/x/uffda@0.1.2/lib/parsers/compiler/OrPattern.ts": "c498d93c2846d7e7d1283928991531bc39e9dc4a978a969c22d2d816f0199651",
    "https://deno.land/x/uffda@0.1.2/lib/parsers/compiler/PatternDeclaration.ts": "38077e59af5fe9d18e57277f8807410f18ef2e50b8d3b57801483ef51152f358",
    "https://deno.land/x/uffda@0.1.2/lib/parsers/compiler/PatternExpression.ts": "ac233bf27e011a232f057c77532a03d86edfbf9f325b9485658e0f46b557cbb6",
    "https://deno.land/x/uffda@0.1.2/lib/parsers/compiler/PipelinePattern.ts": "26094122958f498f39751558145a3ade07488a81ac1c480f8fe3f88ab5533e31",
    "https://deno.land/x/uffda@0.1.2/lib/parsers/compiler/ProjectionPattern.ts": "099ffa8fec9c794fe1b84d8b308d1490ec699446217030e7487c8afb2f08751a",
    "https://deno.land/x/uffda@0.1.2/lib/parsers/compiler/ReferencePattern.ts": "75606165efd52e192659f24178654777719f9ef439b3c2dbf61e130e0071f67b",
    "https://deno.land/x/uffda@0.1.2/lib/parsers/compiler/SpecialReferenceExpression.ts": "050a97747ba4a719cfb3fa4cc6957b75a82905ad8e368a9defd30509d15f850a",
    "https://deno.land/x/uffda@0.1.2/lib/parsers/compiler/SpecialReferencePattern.ts": "6494c6b418326c177014d2598879d89251d7c9fe6b545b40c5825719fcd7fa86",
    "https://deno.land/x/uffda@0.1.2/lib/parsers/compiler/StringPattern.ts": "aa3a2250063f236081ffdac77f50a3e6e409cb91662d2ab9d385ccb5389df531",
    "https://deno.land/x/uffda@0.1.2/lib/parsers/compiler/ThenPattern.ts": "5be79de3f58f3b0de5bd3e87526db86395de5b398666b3cec28d21b6c299fd0e",
    "https://deno.land/x/uffda@0.1.2/lib/parsers/compiler/VariablePattern.ts": "e7f51d67305d7f3f6e99f6d51b1d5f7d91d827a6eec93630a4deacb9ad94fc62",
    "https://deno.land/x/uffda@0.1.2/lib/parsers/compiler/ZeroOrMorePattern.ts": "3eef0357578f5dad3d7a937e0ad00d0a12e27f5a3c0d960c905967a8644fb0a0",
    "https://deno.land/x/uffda@0.1.2/lib/parsers/compiler/ZeroOrOnePattern.ts": "b97b7dd6da058cea08c7c638d82e4122352cf1d14b8e9b2bbf3b6c9bb4e2c529",
    "https://deno.land/x/uffda@0.1.2/lib/parsers/compiler/mod.ts": "a4f446acbd374d1f439b4d08ec6835680e3bfd6b0a10307becf2bbdcf4118013",
    "https://deno.land/x/uffda@0.1.2/lib/parsers/exclusion/Exclude.ts": "03213edf49aaa9206247eba60975f4457d312e569d7510fc7d9e521a30d8bbe4",
    "https://deno.land/x/uffda@0.1.2/lib/parsers/exclusion/mod.ts": "045fffa23011a016bb80012b1787c9699abe8cef24d7560a4a8933579bb65941",
    "https://deno.land/x/uffda@0.1.2/lib/parsers/lang/AndPattern.ts": "ae032e58d034a2b6a225b11816648d0ce9d84904088c19f7d3b8ce9831f72840",
    "https://deno.land/x/uffda@0.1.2/lib/parsers/lang/AnyPattern.ts": "223d61ba852cf29e38cc48eb2caa78ab2a9bb2fdb5cda9be23ae2128bc4c942b",
    "https://deno.land/x/uffda@0.1.2/lib/parsers/lang/EqualPattern.ts": "09a023185982237805872729ce3a7ed2f5f5e52193659fea6e003d2c172ad2af",
    "https://deno.land/x/uffda@0.1.2/lib/parsers/lang/ExpressionPattern.ts": "77c99dd66833e1db826e38e97b813d30699d9d656a174d1a13b3c1499b376fac",
    "https://deno.land/x/uffda@0.1.2/lib/parsers/lang/Lang.ts": "00cbf9d5e4fee444ee91779f12e01a759e3127d8ae1b8bd79592312167a43dcc",
    "https://deno.land/x/uffda@0.1.2/lib/parsers/lang/MustPattern.ts": "16689e90485e90c32aef19320ae682b7315be2e9954bdc5fb37f3df51bb9f904",
    "https://deno.land/x/uffda@0.1.2/lib/parsers/lang/NotPattern.ts": "c18becca6ca8fb4907a5db4dc86bb05f3a652f8270f97b5962017b6d36c17bab",
    "https://deno.land/x/uffda@0.1.2/lib/parsers/lang/ObjectKeyMustPattern.ts": "ef8d0f74a4f2179ccfce262c092a6e64e9ec54afdfcbb6df04bd99a7c77a3022",
    "https://deno.land/x/uffda@0.1.2/lib/parsers/lang/ObjectKeyPattern.ts": "a4a8c32255b7e72f1d33e2fad4c90d990284584ab8bd899655b5e6401916062d",
    "https://deno.land/x/uffda@0.1.2/lib/parsers/lang/ObjectKeyReferencePattern.ts": "e0b851d1f0a2dc6ea3a7d768399660360a7480e426f0cc58162487048aca89bd",
    "https://deno.land/x/uffda@0.1.2/lib/parsers/lang/ObjectKeyVariablePattern.ts": "2b3a0244cc19db2f005d21ed8b3e9c34c6ef096ff99b0c7626540a298b7d1566",
    "https://deno.land/x/uffda@0.1.2/lib/parsers/lang/ObjectKeyVariableWithPattern.ts": "f6c762e6e44f2c50a5ce61fa42231742616801c5f4cbbec63c5b037dcb0d1ec0",
    "https://deno.land/x/uffda@0.1.2/lib/parsers/lang/ObjectKeyWithPattern.ts": "c6b4ce0f2080bc6c653ccda299924816e029d5127e6a03c52c8e6fdb480d8c1f",
    "https://deno.land/x/uffda@0.1.2/lib/parsers/lang/ObjectPattern.ts": "3bdd49b6ade65b21c153df29800871b3de97669a31a42b8541f51f7eba5dec75",
    "https://deno.land/x/uffda@0.1.2/lib/parsers/lang/OkPattern.ts": "c303f5d749c5cfae35a1707acbdc9902f3bc12bfe74bc6eea535171c39550d44",
    "https://deno.land/x/uffda@0.1.2/lib/parsers/lang/OneOrMorePattern.ts": "d65d154c55aecbbc8360440ae0d1d9991d667863f1d20e47c6aa8eb03de34208",
    "https://deno.land/x/uffda@0.1.2/lib/parsers/lang/OrPattern.ts": "f0b1d533bc762ec9ea4f1515efccff2f0a8c5572d2cf75665fc1a4f1b87a2a1a",
    "https://deno.land/x/uffda@0.1.2/lib/parsers/lang/PatternDeclaration.ts": "5844477098ebbec7317ff0bd67c30d99cc3793d47af1ebfc356d843e686db96d",
    "https://deno.land/x/uffda@0.1.2/lib/parsers/lang/PatternExpression.ts": "7f71e8ecd719e5b114195076860a47f583c2129de1e61776f7aa130ff2904af1",
    "https://deno.land/x/uffda@0.1.2/lib/parsers/lang/PipelinePattern.ts": "9b4dc62efb9827794c631963864d6c5629973d6d7bd6d9175a28ece822619df9",
    "https://deno.land/x/uffda@0.1.2/lib/parsers/lang/ProjectionPattern.ts": "852998cf8bd0a20cb58929efdeda57a8bd5c47cc97355df981cb5c20f5ee3b3f",
    "https://deno.land/x/uffda@0.1.2/lib/parsers/lang/ReferencePattern.ts": "e5328e66383fa7e94920e2431336390feffa41ff53a212260792eb2c8d39a0e3",
    "https://deno.land/x/uffda@0.1.2/lib/parsers/lang/SlicePattern.ts": "cfa271f07cc64606d0917368c83d23c270758cb85db2bc51c7d253f5d5afb909",
    "https://deno.land/x/uffda@0.1.2/lib/parsers/lang/SpecialReferenceExpression.ts": "f4a868fa7ec84941ad58b7e11511fe6a54dfda31d41a5df2f095a7bb4bc7e438",
    "https://deno.land/x/uffda@0.1.2/lib/parsers/lang/SpecialReferencePattern.ts": "6281eec3d006015558e96b0594d4b47e2e17dd7722a0045f1abd944043f9e016",
    "https://deno.land/x/uffda@0.1.2/lib/parsers/lang/StringPattern.ts": "61b5786e091d896e9e24ebaeedd0c6f6c06750267ea9fc0334f033bdddb7f357",
    "https://deno.land/x/uffda@0.1.2/lib/parsers/lang/TerminalPattern.ts": "0a68693be1119eef8290eaf2b45d9257ecf19f8e83d570a87f094da29daa8237",
    "https://deno.land/x/uffda@0.1.2/lib/parsers/lang/ThenPattern.ts": "b03533077f36c6b318172049e8bc60b484192792eff0582228f94ee8f22da65d",
    "https://deno.land/x/uffda@0.1.2/lib/parsers/lang/TypePattern.ts": "36cf6fe6a92dc90f410690574d5276ef03aa5cbd7fc4a0cefa975e1dd2a35bd8",
    "https://deno.land/x/uffda@0.1.2/lib/parsers/lang/VariablePattern.ts": "d774eb538b0583780cda21cb3d7a8008880429fbc3988057c50f286850dab854",
    "https://deno.land/x/uffda@0.1.2/lib/parsers/lang/ZeroOrMorePattern.ts": "9763bc1d3a9134f1fb1aa2f7d3198f8840b5379aefda101e13d9a776e40e1cc2",
    "https://deno.land/x/uffda@0.1.2/lib/parsers/lang/ZeroOrOnePattern.ts": "9465801963e053a9dc907d75e57cc13f281a4f07b3fa3914102173752dd823eb",
    "https://deno.land/x/uffda@0.1.2/lib/parsers/lang/lang.pattern.ts": "f56d9f142e7df85192ba36ec57053c089c7d06a1162941ff65bdda6564ae8eb7",
    "https://deno.land/x/uffda@0.1.2/lib/parsers/lang/mod.ts": "6d29ffd1c6cbc05b3292c26731773c60f0664c5f4fefd5f0db5415f1692fbdab",
    "https://deno.land/x/uffda@0.1.2/lib/parsers/meta.ts": "0dbd2180028d507402314d240d1df894ef54f14c0a4ea647f82948d8411b4451",
    "https://deno.land/x/uffda@0.1.2/lib/parsers/mod.ts": "c8f555becb115b308f2fdb4ae4ef718c835aac0bf9b9bb1fb471b965133fc506",
    "https://deno.land/x/uffda@0.1.2/lib/parsers/tokenizer/Digit.ts": "0b1649fb4571ca5efef84a6994e9e6fd2ccffd9c5b376fc94c7f9c88e452dcef",
    "https://deno.land/x/uffda@0.1.2/lib/parsers/tokenizer/Identifier.ts": "9d9deffc3a10f93dd812b2ace0736797d7d56f2ba7dd9c80be32e8fa88dd1b96",
    "https://deno.land/x/uffda@0.1.2/lib/parsers/tokenizer/Integer.ts": "5fbe49dccc94975497efcfba0d6cc14be9d16f2dcbaf6159b2a8fbe444b48daa",
    "https://deno.land/x/uffda@0.1.2/lib/parsers/tokenizer/Letter.ts": "3c15509120c39fd8b183a5e7161cba950053af14a20acdd9de6ecdbe7d51a95b",
    "https://deno.land/x/uffda@0.1.2/lib/parsers/tokenizer/NewLine.ts": "3ecbae6c35bff0d3dbcf466c2fb6141b6dfd8a67dd6495aa18ec741df7e3a393",
    "https://deno.land/x/uffda@0.1.2/lib/parsers/tokenizer/SpecialIdentifier.ts": "b456d03d72a434fc268ff47fae21761022dc79274f94d97d9f9947fc0ad3fb0f",
    "https://deno.land/x/uffda@0.1.2/lib/parsers/tokenizer/String.ts": "8df6c68e5b337c9a5d00207e79936ee0c3895f912df53bfb5b9db2bc3d38d8ec",
    "https://deno.land/x/uffda@0.1.2/lib/parsers/tokenizer/Token.ts": "619e3b5da2d239caa917231ed9e2e08f0b11643c3a1b8d5ea123450dd9d50255",
    "https://deno.land/x/uffda@0.1.2/lib/parsers/tokenizer/Tokenizer.ts": "468318b59fbcbda69196a7f245a5b536d6d24bbd404a9f2bbc9b72ff1bf1d733",
    "https://deno.land/x/uffda@0.1.2/lib/parsers/tokenizer/Whitespace.ts": "7491a33930d67af181a385dd68c8b17c3b4c0f084e914fe9fdb7814612834931",
    "https://deno.land/x/uffda@0.1.2/lib/parsers/tokenizer/mod.ts": "7ba2a26a14279a0bcdc494e7ef1adcde5436c73335bdb4ea90734f817bb416ae",
    "https://deno.land/x/uffda@0.1.2/lib/path.ts": "0a11bf2767dca250157d7e70ccb9540fa78238b605dca221496f6d6faf98a0c7",
    "https://deno.land/x/uffda@0.1.2/lib/reference.ts": "5019d581e5a9f46fc0d9252d1bbbfd1cdfaadf0c288f09836fc29d52c5ed27f5",
    "https://deno.land/x/uffda@0.1.2/lib/runtime/exec.ts": "88ffd71c15f8059be705b844b040825c8a48075a6c0f3d19335154806f555c5c",
    "https://deno.land/x/uffda@0.1.2/lib/runtime/expressions/expression.kind.ts": "71afd3c21add208c8022fbee1aeffd421784978d3e40d721586cb045560ec449",
    "https://deno.land/x/uffda@0.1.2/lib/runtime/expressions/expression.ts": "43eca089f23c31ff179bda27b5aa3d377cea5cb9853d8a549b5f5387853233d3",
    "https://deno.land/x/uffda@0.1.2/lib/runtime/expressions/mod.ts": "d996f3d4e045aff02a531894f009dd7efbc7da2107588297a9afa2cbf46f9502",
    "https://deno.land/x/uffda@0.1.2/lib/runtime/expressions/native.ts": "b9623e3ef2cd17e4d98c67d64c89b2dca4efc3ba447d31a8d389fe2814d92789",
    "https://deno.land/x/uffda@0.1.2/lib/runtime/expressions/special.ts": "1502fd49ba5f51da292a1bc70460869db5051c74ebdea6e05ef05860208436cb",
    "https://deno.land/x/uffda@0.1.2/lib/runtime/match.ts": "e5b7e9aa96d29578f1e871b8f2b9839176e9f0bc8f2514db4e53ed1b9aa168f6",
    "https://deno.land/x/uffda@0.1.2/lib/runtime/mod.ts": "275e53f7a8744a71c634c4c611fa093c738b3b5be29fcd2c216d5b38a03f3b0c",
    "https://deno.land/x/uffda@0.1.2/lib/runtime/patterns/and.ts": "0acc61c163022ad1d8f83401622ea46075c03b72f6752de8925440990e5f5efa",
    "https://deno.land/x/uffda@0.1.2/lib/runtime/patterns/any.ts": "d3b53d1784d282c6de361b9ba42570ef455da417da20b2de6abf886ccff0da1e",
    "https://deno.land/x/uffda@0.1.2/lib/runtime/patterns/array.ts": "fccfdf1208e89e6b4bf229ffffd14c13bf431c56889fa09045b4fec269204482",
    "https://deno.land/x/uffda@0.1.2/lib/runtime/patterns/block.ts": "5f5b9847e61dc32bc0c658f9e1aa3dc133eda5a4d74db830e7de86bb6536ec5d",
    "https://deno.land/x/uffda@0.1.2/lib/runtime/patterns/end.ts": "451812c068298af7b56e53b531943e07a125c9446a288d76b3f3bac7f569af89",
    "https://deno.land/x/uffda@0.1.2/lib/runtime/patterns/equal.ts": "f4845161786921657c762d81246567694ed6032259fbf1099b4057db1369e142",
    "https://deno.land/x/uffda@0.1.2/lib/runtime/patterns/error.ts": "e5c03d110428a588764542fe1e22b094342e48818d6f737e63a96af06402355f",
    "https://deno.land/x/uffda@0.1.2/lib/runtime/patterns/fail.ts": "27a85144cbfb005c981e5b6641746a9313471c044c2f2721a32c5fe46a110918",
    "https://deno.land/x/uffda@0.1.2/lib/runtime/patterns/includes.ts": "b23ff34b9d3e573b901c632d20b33f75f6aa74f02fea71d4ae1767640067c6ac",
    "https://deno.land/x/uffda@0.1.2/lib/runtime/patterns/mod.ts": "420b6ee99664798622b5f8d482b5c1dd380a8319a0e814021c598ac4f2c25bec",
    "https://deno.land/x/uffda@0.1.2/lib/runtime/patterns/must.ts": "d954890b17818240deb480ce128d85e4598e9dbc814d08e2200c39d04543699f",
    "https://deno.land/x/uffda@0.1.2/lib/runtime/patterns/not.ts": "7a0dedc2669f6164e7e24e6fba47a943f7bbc11883802528d8f79c117b3d1532",
    "https://deno.land/x/uffda@0.1.2/lib/runtime/patterns/object.ts": "33747a1b8f650b8f190604c7a79109874f7b63b556e82b7eeb9df010faa8e0ec",
    "https://deno.land/x/uffda@0.1.2/lib/runtime/patterns/ok.ts": "aab234f0b8cd1804e6a2270f13fa45bb8f8a9df533a36c53e32c5f1641a73960",
    "https://deno.land/x/uffda@0.1.2/lib/runtime/patterns/or.ts": "2e859a72187322008929e3cd7eb34844a6ef1e1d8d0da53ad1b5f08d5ff34187",
    "https://deno.land/x/uffda@0.1.2/lib/runtime/patterns/pattern.kind.ts": "5185031115baaa17734c66874f1c4f3bc57a70f5ace7f4f8410c1d0fe6ce844e",
    "https://deno.land/x/uffda@0.1.2/lib/runtime/patterns/pattern.ts": "8fb28c79d8f5d920b24834aa274b506754cf8648f25a7ffce70075994e4c1bd2",
    "https://deno.land/x/uffda@0.1.2/lib/runtime/patterns/pipeline.ts": "3bd06cfc82b2a71a55ef39a2d8d0b2e6de48b44d59c0d322593f8b7f66693166",
    "https://deno.land/x/uffda@0.1.2/lib/runtime/patterns/projection.ts": "83856eea1211d7fa0b3f62c6c330fdd57d01460ff9f83d3b93cc2a63f90aebf9",
    "https://deno.land/x/uffda@0.1.2/lib/runtime/patterns/reference.ts": "1f06185d40fc3d428e30e0f42ddda5f63dfc96ee2a36d48813c776ed68b8ac4f",
    "https://deno.land/x/uffda@0.1.2/lib/runtime/patterns/regexp.ts": "c8de6351f3072e141415a5d92be092f0c801ac323fe4071c48eed71e624297b2",
    "https://deno.land/x/uffda@0.1.2/lib/runtime/patterns/rule.ts": "bacca1e791a322ad90661fef0d6452ff04b88e3e4061cbb247e49edb606ae4a4",
    "https://deno.land/x/uffda@0.1.2/lib/runtime/patterns/slice.ts": "1416281af8ad2cef1d79070b9dfb31afad1cad1d6051054502e5746901c69e27",
    "https://deno.land/x/uffda@0.1.2/lib/runtime/patterns/then.ts": "47add7c9665034def14db47c532ad1d82c3a192ebe8c006614ea78949ed9a335",
    "https://deno.land/x/uffda@0.1.2/lib/runtime/patterns/type.ts": "0574e281cbb0bd23bf6556c5f19033cba5c05c2cf110f54b08b843f2c2d44064",
    "https://deno.land/x/uffda@0.1.2/lib/runtime/patterns/variable.ts": "da19cbd7737e01b002525befdc6a443ef326d6c64b8f469c8c620ed01bb76163",
    "https://deno.land/x/uffda@0.1.2/lib/scope.ts": "3da56ad76dc2c22826b66c8561aae9ae9f45cbd7c670cb5a0ee749645030a92c",
    "https://deno.land/x/uffda@0.1.2/lib/stream.ts": "e834531622907e156756cc276b087acc39d3c5fec73b829dc3832b79e1fe83f3",
    "https://deno.land/x/uffda@0.1.2/lib/uffda.ts": "572dd6c52e61f160b1eb64f50666ada844d62c660f9a2d048c8f696c3ea8d05f",
    "https://deno.land/x/uffda@0.1.2/mod.ts": "ffae461c16d4a1bf24c2179582ab8d5c81ad0df61e4ae2fba51ef5e5bdf90345",
    "https://deno.land/x/y18n@v5.0.0-deno/build/lib/index.d.ts": "11f40d97041eb271cc1a1c7b296c6e7a068d4843759575e7416f0d14ebf8239c",
    "https://deno.land/x/y18n@v5.0.0-deno/build/lib/index.js": "92c4624714aa508d33c6d21c0b0ffa072369a8b306e5f8c7727662f570bbd026",
    "https://deno.land/x/y18n@v5.0.0-deno/deno.ts": "80997f0709a0b43d29931e2b33946f2bbc32b13fd82f80a5409628455427e28d",
    "https://deno.land/x/y18n@v5.0.0-deno/lib/platform-shims/deno.ts": "8fa2c96ac03734966260cfd2c5bc240e41725c913e5b64a0297aede09f52b39d",
    "https://deno.land/x/yargs@v17.7.2-deno/build/lib/argsert.js": "eb085555452eac3ff300935994a42f35d16e04cf698cb775cb5ad4f5653c0627",
    "https://deno.land/x/yargs@v17.7.2-deno/build/lib/command.js": "6249ffd299e16a1e531ccff13a23aed7b7eef37e20b6e6ab7f254413aece6ca6",
    "https://deno.land/x/yargs@v17.7.2-deno/build/lib/completion-templates.js": "d9bbed244af4394b786f8abce9efbbdc3777a73458ebd7b6bf23b2495ac11027",
    "https://deno.land/x/yargs@v17.7.2-deno/build/lib/completion.js": "62e41220b5baa7c082f72638c7eab23a69fff46a78011f2c448e2a2f1fcfd05a",
    "https://deno.land/x/yargs@v17.7.2-deno/build/lib/middleware.js": "6ab9c953a83264739aa50d7fa6b1ab693500336dfd593b9958865e12beb8bdeb",
    "https://deno.land/x/yargs@v17.7.2-deno/build/lib/parse-command.js": "327242c0afae207b7aefa13133439e3b321d7db4229febc5b7bd5285770ac7f7",
    "https://deno.land/x/yargs@v17.7.2-deno/build/lib/typings/common-types.js": "9618b81a86acb88a61fd9988e9bc3ec21c5250d94fc2231ba7d898e71500789d",
    "https://deno.land/x/yargs@v17.7.2-deno/build/lib/usage.js": "31faaa7aa61e5a57a2cac5a269b773aa8b1fcab2db7cac2f8252396f3ccc2f5e",
    "https://deno.land/x/yargs@v17.7.2-deno/build/lib/utils/apply-extends.js": "64640dce92669705abead3bdbe2c46c8318c8623843a55e4726fb3c55ff9dd1d",
    "https://deno.land/x/yargs@v17.7.2-deno/build/lib/utils/is-promise.js": "be45baa3090c5106dd4e442cceef6b357a268783a2ee28ec10fe131a8cd8db72",
    "https://deno.land/x/yargs@v17.7.2-deno/build/lib/utils/levenshtein.js": "d8638efc3376b5f794b1c8df6ef4f3d484b29d919127c7fdc242400e3cfded91",
    "https://deno.land/x/yargs@v17.7.2-deno/build/lib/utils/maybe-async-result.js": "31cf4026279e14c87d16faa14ac758f35c8cc5795d29393c5ce07120f5a3caf6",
    "https://deno.land/x/yargs@v17.7.2-deno/build/lib/utils/obj-filter.js": "5523fb2288d1e86ed48c460e176770b49587554df4ae2405b468c093786b040b",
    "https://deno.land/x/yargs@v17.7.2-deno/build/lib/utils/set-blocking.js": "6fa8ffc3299f456e42902736bae35fbc1f2dc96b3905a02ba9629f5bd9f80af1",
    "https://deno.land/x/yargs@v17.7.2-deno/build/lib/utils/which-module.js": "9267633b2c9f8990b2c699101b641e59ae59932e0dee5270613c0508bfa13c5d",
    "https://deno.land/x/yargs@v17.7.2-deno/build/lib/validation.js": "af040834cb9201d4238bbeb8f673eb2ebaff9611857270524a7c86dfcf2ca51b",
    "https://deno.land/x/yargs@v17.7.2-deno/build/lib/yargs-factory.js": "05326932b431801d7459d5b14b21f73f13ebd74a8a74e9b7b8cec5f99ba14819",
    "https://deno.land/x/yargs@v17.7.2-deno/build/lib/yerror.js": "9729aaa8bce1a0d00c57f470efb2ad76ad2988661bb48f3769e496a3435b4462",
    "https://deno.land/x/yargs@v17.7.2-deno/deno-types.ts": "62f5c61899c6da491890c8c84fd9580cfbfa2a83f5a70f6dc74727bbfb148623",
    "https://deno.land/x/yargs@v17.7.2-deno/deno.ts": "f3df0bfd08ba367ec36dc59ef6cab1a391ace49ad44387ec5fe5d76289af08af",
    "https://deno.land/x/yargs@v17.7.2-deno/lib/platform-shims/deno.ts": "1d3d490a7f3c6f971a44dd92e12a042f988f1b6496df3a9c43ccc69563032dff",
    "https://deno.land/x/yargs_parser@v20.2.4-deno/build/lib/string-utils.js": "12fc056b23703bc370aae5b179dc5abee53fca277abc30eaf76f78d2546d6413",
    "https://deno.land/x/yargs_parser@v20.2.4-deno/build/lib/tokenize-arg-string.js": "7e0875b11795b8e217386e45f14b24a6e501ebbc62e15aa469aa8829d4d0ee61",
    "https://deno.land/x/yargs_parser@v20.2.4-deno/build/lib/yargs-parser-types.d.ts": "434deb76c6632b3b6cbc4c6f153f8aca04e06055ae9c6b24b40218cbc42688d9",
    "https://deno.land/x/yargs_parser@v20.2.4-deno/build/lib/yargs-parser.js": "453200a7dfbb002e605d8009b7dad30f2b1d93665e046ab89c073a4fe63dfd48",
    "https://deno.land/x/yargs_parser@v20.2.4-deno/deno.ts": "ad53c0c82c3982c4fc5be9472384b259e0a32ce1f7ae0f68de7b2445df5642fc"
  }
}
